
Microsoft Visual Studio Solution File, Format Version 12.00
# Visual Studio Version 17
VisualStudioVersion = 17.9.34607.119
MinimumVisualStudioVersion = 10.0.40219.1
Project("{FAE04EC0-301F-11D3-BF4B-00C04F79EFBC}") = "OrdenarPorSeleccion", "OrdenarPorSeleccion\OrdenarPorSeleccion.csproj", "{6A781A60-4594-4A03-9531-1B0B52043510}"
EndProject
Global
	GlobalSection(SolutionConfigurationPlatforms) = preSolution
		Debug|Any CPU = Debug|Any CPU
		Release|Any CPU = Release|Any CPU
	EndGlobalSection
	GlobalSection(ProjectConfigurationPlatforms) = postSolution
		{6A781A60-4594-4A03-9531-1B0B52043510}.Debug|Any CPU.ActiveCfg = Debug|Any CPU
		{6A781A60-4594-4A03-9531-1B0B52043510}.Debug|Any CPU.Build.0 = Debug|Any CPU
		{6A781A60-4594-4A03-9531-1B0B52043510}.Release|Any CPU.ActiveCfg = Release|Any CPU
		{6A781A60-4594-4A03-9531-1B0B52043510}.Release|Any CPU.Build.0 = Release|Any CPU
	EndGlobalSection
	GlobalSection(SolutionProperties) = preSolution
		HideSolutionNode = FALSE
	EndGlobalSection
	GlobalSection(ExtensibilityGlobals) = postSolution
		SolutionGuid = {A70C9F9D-EA9C-479A-9BBB-EA4F72AEC9D0}
	EndGlobalSection
EndGlobal
